{
  "nodes": {
    "flake-utils": {
      "locked": {
        "lastModified": 1619345332,
        "narHash": "sha256-qHnQkEp1uklKTpx3MvKtY6xzgcqXDsz5nLilbbuL+3A=",
        "owner": "numtide",
        "repo": "flake-utils",
        "rev": "2ebf2558e5bf978c7fb8ea927dfaed8fefab2e28",
        "type": "github"
      },
      "original": {
        "owner": "numtide",
        "repo": "flake-utils",
        "type": "github"
      }
    },
    "flake-utils_2": {
      "locked": {
        "lastModified": 1620759905,
        "narHash": "sha256-WiyWawrgmyN0EdmiHyG2V+fqReiVi8bM9cRdMaKQOFg=",
        "owner": "numtide",
        "repo": "flake-utils",
        "rev": "b543720b25df6ffdfcf9227afafc5b8c1fabfae8",
        "type": "github"
      },
      "original": {
        "owner": "numtide",
        "repo": "flake-utils",
        "type": "github"
      }
    },
    "nixpkgs": {
      "locked": {
        "lastModified": 1620332858,
        "narHash": "sha256-ZoOfRdndJhX4QQumeUOYXynTuI8GzkSs9bh451Vezak=",
        "owner": "NixOS",
        "repo": "nixpkgs",
        "rev": "22612485a469d71df09b9434842767b1f4f2c063",
        "type": "github"
      },
      "original": {
        "owner": "NixOS",
        "ref": "nixos-20.09",
        "repo": "nixpkgs",
        "type": "github"
      }
    },
    "nixpkgs_2": {
      "locked": {
        "lastModified": 1620764783,
        "narHash": "sha256-b1jVyjyO79wf1J8vAtkwSwvwVC9QOrn0liMWrqdEzcQ=",
        "owner": "NixOS",
        "repo": "nixpkgs",
        "rev": "f34eb300b68ea66ef8a2dbc5eec3c86a8270e414",
        "type": "github"
      },
      "original": {
        "owner": "NixOS",
        "ref": "nixos-20.09",
        "repo": "nixpkgs",
        "type": "github"
      }
    },
    "plotting-simulator": {
      "inputs": {
        "flake-utils": "flake-utils_2",
        "nixpkgs": "nixpkgs_2"
      },
      "locked": {
        "lastModified": 1620927252,
        "narHash": "sha256-hTYlKS0ZNnR0DWmaxuVWxRxogbIYcIH1y5GbCxIC52M=",
        "owner": "chiafan-org",
        "repo": "plotting-simulator",
        "rev": "54c53c96c907b3e4102a35ca0bdfd6b94fabf00f",
        "type": "github"
      },
      "original": {
        "owner": "chiafan-org",
        "repo": "plotting-simulator",
        "type": "github"
      }
    },
    "root": {
      "inputs": {
        "flake-utils": "flake-utils",
        "nixpkgs": "nixpkgs",
        "plotting-simulator": "plotting-simulator"
      }
    }
  },
  "root": "root",
  "version": 7
}
